# THIS IS AN AUTOGENERATED FILE. DO NOT EDIT THIS FILE DIRECTLY.
# yarn lockfile v1


"@jridgewell/sourcemap-codec@^1.4.13":
  version "1.4.14"
  resolved "https://registry.yarnpkg.com/@jridgewell/sourcemap-codec/-/sourcemap-codec-1.4.14.tgz#add4c98d341472a289190b424efbdb096991bb24"
  integrity sha512-XPSJHWmi394fuUuzDnGz1wiKqWfo1yXecHQMRf2l6hztTO+nPru658AyDngaBe7isIxEkRsPR3FZh+s7iVa4Uw==

"@next/env@13.2.5-canary.10":
  version "13.2.5-canary.10"
  resolved "https://registry.yarnpkg.com/@next/env/-/env-13.2.5-canary.10.tgz#d86d51a0696ba239f6936101f613463956651cc2"
  integrity sha512-EQHjfg+u+8MkHcF4Pr75VOG5o7fT1fXAbTj0M61L43oPpHcCjo8mdxRyaTSlUbDgmYZGWRB0wmsdtH+7ccCtEg==

"@next/swc-android-arm-eabi@13.2.5-canary.10":
  version "13.2.5-canary.10"
  resolved "https://registry.yarnpkg.com/@next/swc-android-arm-eabi/-/swc-android-arm-eabi-13.2.5-canary.10.tgz#4e2ee16eb332189c416600dc1b79d010366d89d2"
  integrity sha512-SOJzyimV93BKujpkDomDY+pDIhQtheyJQgsivMMmlYyAoBnmvsczIZKb1yMKNpvKs+DIg01wDnU0BHnwkSdcVQ==

"@next/swc-android-arm64@13.2.5-canary.10":
  version "13.2.5-canary.10"
  resolved "https://registry.yarnpkg.com/@next/swc-android-arm64/-/swc-android-arm64-13.2.5-canary.10.tgz#f2d3a2394989a37e1acf8d0687795e08815ddc00"
  integrity sha512-DKB08+KjFroYtBtJOXvYC0nX+hxCLmb21eTxJCuo5BVW8TfbiQZ61muStqTygGU89oeaOIsV2X4fPNlLfGm1sg==

"@next/swc-darwin-arm64@13.2.5-canary.10":
  version "13.2.5-canary.10"
  resolved "https://registry.yarnpkg.com/@next/swc-darwin-arm64/-/swc-darwin-arm64-13.2.5-canary.10.tgz#08abe4b671b695a483fd2bcada1f94d9c663b221"
  integrity sha512-fPfAH+ylQg/SxfrmHl/DIbv9Oc4MXiQCeDuy0bBWtdfApYDygIpTcohi4ViHNyZav+CBK4FMkfkC0ftHL56olw==

"@next/swc-darwin-x64@13.2.5-canary.10":
  version "13.2.5-canary.10"
  resolved "https://registry.yarnpkg.com/@next/swc-darwin-x64/-/swc-darwin-x64-13.2.5-canary.10.tgz#60d987898734651ffcd8bf0411abaddcaf3e5a8f"
  integrity sha512-qGV1WvYLIXwaIgCFeMSQidpdyjI3DokgyMjn3ijpwj8bh6NYzIrwFONU50LTbAttPf/LvCrW627Id19kgjJizQ==

"@next/swc-freebsd-x64@13.2.5-canary.10":
  version "13.2.5-canary.10"
  resolved "https://registry.yarnpkg.com/@next/swc-freebsd-x64/-/swc-freebsd-x64-13.2.5-canary.10.tgz#d905b09a19c477a168bfb3079582d066e8c2f587"
  integrity sha512-5OlrCs4+uz9+vyB3XLNCmFyXRW+d5COfFIisKb2Vq3mTUTw4ht3fnbv9PoB5Nxxrxbt9Ff4BeGggis1kcyFzdQ==

"@next/swc-linux-arm-gnueabihf@13.2.5-canary.10":
  version "13.2.5-canary.10"
  resolved "https://registry.yarnpkg.com/@next/swc-linux-arm-gnueabihf/-/swc-linux-arm-gnueabihf-13.2.5-canary.10.tgz#6a790a61189d8e62870668894e2f6261fb6676b1"
  integrity sha512-jRRY+MhBpoiFHFhXbJKvYjhbtMZsXmMCrSvvAualrL755VI2lPybLUkdF1Pbn+Ab9m9rHqu7LzNTtIXez2uU0w==

"@next/swc-linux-arm64-gnu@13.2.5-canary.10":
  version "13.2.5-canary.10"
  resolved "https://registry.yarnpkg.com/@next/swc-linux-arm64-gnu/-/swc-linux-arm64-gnu-13.2.5-canary.10.tgz#35b46721c2484affab8ecddd524e90478055962f"
  integrity sha512-Xi6iKayDzmHEAaFU9n7dYMFYr/hzekHwPCM0ajlTMu7MFR3I1cLqULOJXpauUz0MjvO8woxFoM5bdFI880sTAg==

"@next/swc-linux-arm64-musl@13.2.5-canary.10":
  version "13.2.5-canary.10"
  resolved "https://registry.yarnpkg.com/@next/swc-linux-arm64-musl/-/swc-linux-arm64-musl-13.2.5-canary.10.tgz#6cc0b4b0b74147a5c74d289ecfde71cc8a0f1f38"
  integrity sha512-EdILxwmJKCm9QQO3u+eW+nMNfONb0vOz07ovHTr7WEgYSJ/Wub6tRiJ0wFLaVxyCM/SWEpSCOpGslgRFezqTtA==

"@next/swc-linux-x64-gnu@13.2.5-canary.10":
  version "13.2.5-canary.10"
  resolved "https://registry.yarnpkg.com/@next/swc-linux-x64-gnu/-/swc-linux-x64-gnu-13.2.5-canary.10.tgz#c2e515c8dc8997716dd430b89ddf42fee5c927db"
  integrity sha512-Y/t2hDAzMRbHSQhG3iL+46r1ZIBkRZJ1XZb7RVSYuzdW+PEfDeK9GyWfzPlWoHhnhn3RXtB3YYaj3NgXlBP5Tg==

"@next/swc-linux-x64-musl@13.2.5-canary.10":
  version "13.2.5-canary.10"
  resolved "https://registry.yarnpkg.com/@next/swc-linux-x64-musl/-/swc-linux-x64-musl-13.2.5-canary.10.tgz#1c0cd0968ed7d40a8d5586f0601bca2fc770d693"
  integrity sha512-fMSSnrzL7aUWRdwXm/mbBrWvvNW77XgjInEisPHMtpbrslp4lLhx+8qxDKxxfUZicAJAQ4y6ERR8LjRhFP+fdQ==

"@next/swc-win32-arm64-msvc@13.2.5-canary.10":
  version "13.2.5-canary.10"
  resolved "https://registry.yarnpkg.com/@next/swc-win32-arm64-msvc/-/swc-win32-arm64-msvc-13.2.5-canary.10.tgz#73c913af249ff51c952744f9294094965d14de4b"
  integrity sha512-1s4OUxvUDx8EV6xLaOpoBM9hcEHfDOAH3OA7MZLKKiR/4doirvMXZU6DeHnAqzmuoWo1HY/zvGqF32f3NahXoA==

"@next/swc-win32-ia32-msvc@13.2.5-canary.10":
  version "13.2.5-canary.10"
  resolved "https://registry.yarnpkg.com/@next/swc-win32-ia32-msvc/-/swc-win32-ia32-msvc-13.2.5-canary.10.tgz#ed40338758186f5cb7f10dd21a0e4f566dae38c0"
  integrity sha512-jAGBJKb+WAI0nMNs6SZu3aNM2IE29174EG69KmyiEVP5hvo29BgZr1+se3858PY7MpenaMfJVR4ZX5caAhlGIg==

"@next/swc-win32-x64-msvc@13.2.5-canary.10":
  version "13.2.5-canary.10"
  resolved "https://registry.yarnpkg.com/@next/swc-win32-x64-msvc/-/swc-win32-x64-msvc-13.2.5-canary.10.tgz#190d7517ac8ed1015071c88041b7442ec2f27fa9"
  integrity sha512-nc468wp7OyJXc7jOgbbbQbjSnG2IbiifJG8k4nQUfleAK67fBUAnHkxeOxGL2q1Bo+UEZHEFH9tRVULzWYGgKA==

"@rollup/plugin-commonjs@24.0.0":
  version "24.0.0"
  resolved "https://registry.yarnpkg.com/@rollup/plugin-commonjs/-/plugin-commonjs-24.0.0.tgz#fb7cf4a6029f07ec42b25daa535c75b05a43f75c"
  integrity sha512-0w0wyykzdyRRPHOb0cQt14mIBLujfAv6GgP6g8nvg/iBxEm112t3YPPq+Buqe2+imvElTka+bjNlJ/gB56TD8g==
  dependencies:
    "@rollup/pluginutils" "^5.0.1"
    commondir "^1.0.1"
    estree-walker "^2.0.2"
    glob "^8.0.3"
    is-reference "1.2.1"
    magic-string "^0.27.0"

"@rollup/pluginutils@^5.0.1":
  version "5.0.2"
  resolved "https://registry.yarnpkg.com/@rollup/pluginutils/-/pluginutils-5.0.2.tgz#012b8f53c71e4f6f9cb317e311df1404f56e7a33"
  integrity sha512-pTd9rIsP92h+B6wWwFbW8RkZv4hiR/xKsqre4SIuAOaOEQRxi0lqLke9k2/7WegC85GgUs9pjmOjCUi3In4vwA==
  dependencies:
    "@types/estree" "^1.0.0"
    estree-walker "^2.0.2"
    picomatch "^2.3.1"

"@sentry-internal/tracing@7.44.2":
  version "7.44.2"
  resolved "https://registry.yarnpkg.com/@sentry-internal/tracing/-/tracing-7.44.2.tgz#d0cb9dcf88d68818c00d7cf42cddc8aa0ea89889"
  integrity sha512-3nteYNWiQDbO4yROBqduWTVR0Jah+FiU/2Tz44FcWvWyBboRP4gggaN7BDJahRwbhcRQKE9lTjGCbQLgNOuUCw==
  dependencies:
    "@sentry/core" "7.44.2"
    "@sentry/types" "7.44.2"
    "@sentry/utils" "7.44.2"
    tslib "^1.9.3"

"@sentry/browser@7.44.2":
  version "7.44.2"
  resolved "https://registry.yarnpkg.com/@sentry/browser/-/browser-7.44.2.tgz#455576e73ed439f1758f096fee4125482a46ee93"
  integrity sha512-pF2lyXkIjjCoIWUHN17zGO0R2n0/5yb7k+LehbEC1UhvSEBZW/zrRS+AeebjVF0eG2Wir3SoSe4TWt+CRQFOiA==
  dependencies:
    "@sentry-internal/tracing" "7.44.2"
    "@sentry/core" "7.44.2"
    "@sentry/replay" "7.44.2"
    "@sentry/types" "7.44.2"
    "@sentry/utils" "7.44.2"
    tslib "^1.9.3"

"@sentry/cli@^1.74.6":
  version "1.75.0"
  resolved "https://registry.yarnpkg.com/@sentry/cli/-/cli-1.75.0.tgz#4a5e71b5619cd4e9e6238cc77857c66f6b38d86a"
  integrity sha512-vT8NurHy00GcN8dNqur4CMIYvFH3PaKdkX3qllVvi4syybKqjwoz+aWRCvprbYv0knweneFkLt1SmBWqazUMfA==
  dependencies:
    https-proxy-agent "^5.0.0"
    mkdirp "^0.5.5"
    node-fetch "^2.6.7"
    progress "^2.0.3"
    proxy-from-env "^1.1.0"
    which "^2.0.2"

"@sentry/core@7.44.2":
  version "7.44.2"
  resolved "https://registry.yarnpkg.com/@sentry/core/-/core-7.44.2.tgz#e33b2880e83cc4aaaa3d1b8a160588484d0e2624"
  integrity sha512-m2nOHP4YX+kmWFQTzgBEsdblCuNFSB7017oLaR6/VH0a0mVWdrW7Q1gHMpw4/08uWRiA+oC2dXqCH7A1FwfGIQ==
  dependencies:
    "@sentry/types" "7.44.2"
    "@sentry/utils" "7.44.2"
    tslib "^1.9.3"

"@sentry/integrations@7.44.2":
  version "7.44.2"
  resolved "https://registry.yarnpkg.com/@sentry/integrations/-/integrations-7.44.2.tgz#65aad18d06be82588926fd57b0206e50efcaff9d"
  integrity sha512-KA4YAexZUtTxPMUDEuxsAtaHMDJiiiJW8K95YuxotCcg9gC3A6mThc1dY2xgEXLe8Ds4VBHnh9yVifunWdoS4g==
  dependencies:
    "@sentry/types" "7.44.2"
    "@sentry/utils" "7.44.2"
    localforage "^1.8.1"
    tslib "^1.9.3"

"@sentry/nextjs@^7.44.2":
  version "7.44.2"
  resolved "https://registry.yarnpkg.com/@sentry/nextjs/-/nextjs-7.44.2.tgz#9b8d35e05ad3b32c1a8ac15fa02340ff2023ba89"
  integrity sha512-HOeT+Gn/d9TNE5SeIKMLIW9tRZoICaGILphqVvR05mM2wUOZxTn2NCxNp7vZkQoFsBxW6D4tVb6PvpnPxkVOeg==
  dependencies:
    "@rollup/plugin-commonjs" "24.0.0"
    "@sentry/core" "7.44.2"
    "@sentry/integrations" "7.44.2"
    "@sentry/node" "7.44.2"
    "@sentry/react" "7.44.2"
    "@sentry/tracing" "7.44.2"
    "@sentry/types" "7.44.2"
    "@sentry/utils" "7.44.2"
    "@sentry/webpack-plugin" "1.20.0"
    chalk "3.0.0"
    rollup "2.78.0"
    stacktrace-parser "^0.1.10"
    tslib "^1.9.3"

"@sentry/node@7.44.2":
  version "7.44.2"
  resolved "https://registry.yarnpkg.com/@sentry/node/-/node-7.44.2.tgz#e37864790d95b91d1a2610ee59af36eda6807ac2"
  integrity sha512-tEMcT+di7q7OYZt8Lg9kIpXoSO1YQNhnfMyffpzC82TMyJGNclBllNTF/UUnPqEiRW8WeewNgWuJAMLpPzjmfw==
  dependencies:
    "@sentry/core" "7.44.2"
    "@sentry/types" "7.44.2"
    "@sentry/utils" "7.44.2"
    cookie "^0.4.1"
    https-proxy-agent "^5.0.0"
    lru_map "^0.3.3"
    tslib "^1.9.3"

"@sentry/react@7.44.2":
  version "7.44.2"
  resolved "https://registry.yarnpkg.com/@sentry/react/-/react-7.44.2.tgz#910555bc04b7ab7ab8e984caedb855bd5e6f4ae8"
  integrity sha512-eA0L2itLrg8b4U52vlavZiCIUgbo7mv2Ri5kNxztHbBwBPA88Qzm9f3LgDOvYsSDiakMu6opzpmyGXe1FyrQjw==
  dependencies:
    "@sentry/browser" "7.44.2"
    "@sentry/types" "7.44.2"
    "@sentry/utils" "7.44.2"
    hoist-non-react-statics "^3.3.2"
    tslib "^1.9.3"

"@sentry/replay@7.44.2":
  version "7.44.2"
  resolved "https://registry.yarnpkg.com/@sentry/replay/-/replay-7.44.2.tgz#5932f9330d07587f3cfcd8f1e19a0a5ee09fdbaa"
  integrity sha512-3KO0QE0OvH0I2hP7yU3W511nEQ55yHN5jWL6V/ay2PlUR1hCw42g8/o9zARq4qw1t4k5ZY6M36ZMqnQQwISqeA==
  dependencies:
    "@sentry/core" "7.44.2"
    "@sentry/types" "7.44.2"
    "@sentry/utils" "7.44.2"

"@sentry/tracing@7.44.2":
  version "7.44.2"
  resolved "https://registry.yarnpkg.com/@sentry/tracing/-/tracing-7.44.2.tgz#92d9056b96a44e553e2fcec3ef0351ef820d956b"
  integrity sha512-z8wqPgpaQ4EaxPRZdx4MEWfbySSpHlYO7URJPvudyhsezDr33kyZ79QYiZP3KexoHud7gsjnkI1u/DqjdEhDng==
  dependencies:
    "@sentry-internal/tracing" "7.44.2"

"@sentry/types@7.44.2":
  version "7.44.2"
  resolved "https://registry.yarnpkg.com/@sentry/types/-/types-7.44.2.tgz#c8acdd884f4daf03f3e813935e9e16da71473247"
  integrity sha512-vdGb2BAelXRitgKWRBF1cCAoisLsbugUaJzrGCQoIoS3lYpZ8d8r2zELE7cNoVObVoQbUHF/WFhXVv8cumj+RA==

"@sentry/utils@7.44.2":
  version "7.44.2"
  resolved "https://registry.yarnpkg.com/@sentry/utils/-/utils-7.44.2.tgz#a2f77713fec4471076e79e050c75561c21ad8abb"
  integrity sha512-PzL4Z0fhIHfQacfWvgiAs+drcm4Nc45Tc8PW1RdOZtHxzhGAYZYAPniDGML586Mnlu19QM6kGHiDu+CBgnnXAQ==
  dependencies:
    "@sentry/types" "7.44.2"
    tslib "^1.9.3"

"@sentry/webpack-plugin@1.20.0":
  version "1.20.0"
  resolved "https://registry.yarnpkg.com/@sentry/webpack-plugin/-/webpack-plugin-1.20.0.tgz#e7add76122708fb6b4ee7951294b521019720e58"
  integrity sha512-Ssj1mJVFsfU6vMCOM2d+h+KQR7QHSfeIP16t4l20Uq/neqWXZUQ2yvQfe4S3BjdbJXz/X4Rw8Hfy1Sd0ocunYw==
  dependencies:
    "@sentry/cli" "^1.74.6"
    webpack-sources "^2.0.0 || ^3.0.0"

"@swc/helpers@0.4.14":
  version "0.4.14"
  resolved "https://registry.yarnpkg.com/@swc/helpers/-/helpers-0.4.14.tgz#1352ac6d95e3617ccb7c1498ff019654f1e12a74"
  integrity sha512-4C7nX/dvpzB7za4Ql9K81xK3HPxCpHMgwTZVyf+9JQ6VUbn9jjZVN7/Nkdz/Ugzs2CSjqnL/UPXroiVBVHUWUw==
  dependencies:
    tslib "^2.4.0"

"@types/estree@*", "@types/estree@^1.0.0":
  version "1.0.0"
  resolved "https://registry.yarnpkg.com/@types/estree/-/estree-1.0.0.tgz#5fb2e536c1ae9bf35366eed879e827fa59ca41c2"
  integrity sha512-WulqXMDUTYAXCjZnk6JtIHPigp55cVtDgDrO2gHRwhyJto21+1zbVCtOYB2L1F9w4qCQ0rOGWBnBe0FNTiEJIQ==

"@types/node@^18.11.13":
  version "18.15.5"
  resolved "https://registry.yarnpkg.com/@types/node/-/node-18.15.5.tgz#3af577099a99c61479149b716183e70b5239324a"
  integrity sha512-Ark2WDjjZO7GmvsyFFf81MXuGTA/d6oP38anyxWOL6EREyBKAxKoFHwBhaZxCfLRLpO8JgVXwqOwSwa7jRcjew==

"@types/prop-types@*":
  version "15.7.5"
  resolved "https://registry.yarnpkg.com/@types/prop-types/-/prop-types-15.7.5.tgz#5f19d2b85a98e9558036f6a3cacc8819420f05cf"
  integrity sha512-JCB8C6SnDoQf0cNycqd/35A7MjcnK+ZTqE7judS6o7utxUCg6imJg3QK2qzHKszlTjcj2cn+NwMB2i96ubpj7w==

"@types/react@^18.0.26":
  version "18.0.28"
  resolved "https://registry.yarnpkg.com/@types/react/-/react-18.0.28.tgz#accaeb8b86f4908057ad629a26635fe641480065"
  integrity sha512-RD0ivG1kEztNBdoAK7lekI9M+azSnitIn85h4iOiaLjaTrMjzslhaqCGaI4IyCJ1RljWiLCEu4jyrLLgqxBTew==
  dependencies:
    "@types/prop-types" "*"
    "@types/scheduler" "*"
    csstype "^3.0.2"

"@types/scheduler@*":
  version "0.16.2"
  resolved "https://registry.yarnpkg.com/@types/scheduler/-/scheduler-0.16.2.tgz#1a62f89525723dde24ba1b01b092bf5df8ad4d39"
  integrity sha512-hppQEBDmlwhFAXKJX2KnWLYu5yMfi91yazPb2l+lbJiwW+wdo1gNeRA+3RgNSO39WYX2euey41KEwnqesU2Jew==

agent-base@6:
  version "6.0.2"
  resolved "https://registry.yarnpkg.com/agent-base/-/agent-base-6.0.2.tgz#49fff58577cfee3f37176feab4c22e00f86d7f77"
  integrity sha512-RZNwNclF7+MS/8bDg70amg32dyeZGZxiDuQmZxKLAlQjr3jGyLx+4Kkk58UO7D2QdgFIQCovuSuZESne6RG6XQ==
  dependencies:
    debug "4"

ansi-styles@^4.1.0:
  version "4.3.0"
  resolved "https://registry.yarnpkg.com/ansi-styles/-/ansi-styles-4.3.0.tgz#edd803628ae71c04c85ae7a0906edad34b648937"
  integrity sha512-zbB9rCJAT1rbjiVDb2hqKFHNYLxgtk8NURxZ3IZwD3F6NtxbXZQCnnSi1Lkx+IDohdPlFp222wVALIheZJQSEg==
  dependencies:
    color-convert "^2.0.1"

balanced-match@^1.0.0:
  version "1.0.2"
  resolved "https://registry.yarnpkg.com/balanced-match/-/balanced-match-1.0.2.tgz#e83e3a7e3f300b34cb9d87f615fa0cbf357690ee"
  integrity sha512-3oSeUO0TMV67hN1AmbXsK4yaqU7tjiHlbxRDZOpH0KW9+CeX4bRAaX0Anxt0tx2MrpRpWwQaPwIlISEJhYU5Pw==

brace-expansion@^2.0.1:
  version "2.0.1"
  resolved "https://registry.yarnpkg.com/brace-expansion/-/brace-expansion-2.0.1.tgz#1edc459e0f0c548486ecf9fc99f2221364b9a0ae"
  integrity sha512-XnAIvQ8eM+kC6aULx6wuQiwVsnzsi9d3WxzV3FpWTGA19F621kwdbsAcFKXgKUHZWsy+mY6iL1sHTxWEFCytDA==
  dependencies:
    balanced-match "^1.0.0"

caniuse-lite@^1.0.30001406:
  version "1.0.30001469"
  resolved "https://registry.yarnpkg.com/caniuse-lite/-/caniuse-lite-1.0.30001469.tgz#3dd505430c8522fdc9f94b4a19518e330f5c945a"
  integrity sha512-Rcp7221ScNqQPP3W+lVOYDyjdR6dC+neEQCttoNr5bAyz54AboB4iwpnWgyi8P4YUsPybVzT4LgWiBbI3drL4g==

chalk@3.0.0:
  version "3.0.0"
  resolved "https://registry.yarnpkg.com/chalk/-/chalk-3.0.0.tgz#3f73c2bf526591f574cc492c51e2456349f844e4"
  integrity sha512-4D3B6Wf41KOYRFdszmDqMCGq5VV/uMAB273JILmO+3jAlh8X4qDtdtgCR3fxtbLEMzSx22QdhnDcJvu2u1fVwg==
  dependencies:
    ansi-styles "^4.1.0"
    supports-color "^7.1.0"

client-only@0.0.1:
  version "0.0.1"
  resolved "https://registry.yarnpkg.com/client-only/-/client-only-0.0.1.tgz#38bba5d403c41ab150bff64a95c85013cf73bca1"
  integrity sha512-IV3Ou0jSMzZrd3pZ48nLkT9DA7Ag1pnPzaiQhpW7c3RbcqqzvzzVu+L8gfqMp/8IM2MQtSiqaCxrrcfu8I8rMA==

color-convert@^2.0.1:
  version "2.0.1"
  resolved "https://registry.yarnpkg.com/color-convert/-/color-convert-2.0.1.tgz#72d3a68d598c9bdb3af2ad1e84f21d896abd4de3"
  integrity sha512-RRECPsj7iu/xb5oKYcsFHSppFNnsj/52OVTRKb4zP5onXwVF3zVmmToNcOfGC+CRDpfK/U584fMg38ZHCaElKQ==
  dependencies:
    color-name "~1.1.4"

color-name@~1.1.4:
  version "1.1.4"
  resolved "https://registry.yarnpkg.com/color-name/-/color-name-1.1.4.tgz#c2a09a87acbde69543de6f63fa3995c826c536a2"
  integrity sha512-dOy+3AuW3a2wNbZHIuMZpTcgjGuLU/uBL/ubcZF9OXbDo8ff4O8yVp5Bf0efS8uEoYo5q4Fx7dY9OgQGXgAsQA==

commondir@^1.0.1:
  version "1.0.1"
  resolved "https://registry.yarnpkg.com/commondir/-/commondir-1.0.1.tgz#ddd800da0c66127393cca5950ea968a3aaf1253b"
  integrity sha512-W9pAhw0ja1Edb5GVdIF1mjZw/ASI0AlShXM83UUGe2DVr5TdAPEA1OA8m/g8zWp9x6On7gqufY+FatDbC3MDQg==

cookie@^0.4.1:
  version "0.4.2"
  resolved "https://registry.yarnpkg.com/cookie/-/cookie-0.4.2.tgz#0e41f24de5ecf317947c82fc789e06a884824432"
  integrity sha512-aSWTXFzaKWkvHO1Ny/s+ePFpvKsPnjc551iI41v3ny/ow6tBG5Vd+FuqGNhh1LxOmVzOlGUriIlOaokOvhaStA==

csstype@^3.0.2:
  version "3.1.1"
  resolved "https://registry.yarnpkg.com/csstype/-/csstype-3.1.1.tgz#841b532c45c758ee546a11d5bd7b7b473c8c30b9"
  integrity sha512-DJR/VvkAvSZW9bTouZue2sSxDwdTN92uHjqeKVm+0dAqdfNykRzQ95tay8aXMBAAPpUiq4Qcug2L7neoRh2Egw==

debug@4:
  version "4.3.4"
  resolved "https://registry.yarnpkg.com/debug/-/debug-4.3.4.tgz#1319f6579357f2338d3337d2cdd4914bb5dcc865"
  integrity sha512-PRWFHuSU3eDtQJPvnNY7Jcket1j0t5OuOsFzPPzsekD52Zl8qUfFIPEiswXqIvHWGVHOgX+7G/vCNNhehwxfkQ==
  dependencies:
    ms "2.1.2"

estree-walker@^2.0.2:
  version "2.0.2"
  resolved "https://registry.yarnpkg.com/estree-walker/-/estree-walker-2.0.2.tgz#52f010178c2a4c117a7757cfe942adb7d2da4cac"
  integrity sha512-Rfkk/Mp/DL7JVje3u18FxFujQlTNR2q6QfMSMB7AvCBx91NGj/ba3kCfza0f6dVDbw7YlRf/nDrn7pQrCCyQ/w==

fs.realpath@^1.0.0:
  version "1.0.0"
  resolved "https://registry.yarnpkg.com/fs.realpath/-/fs.realpath-1.0.0.tgz#1504ad2523158caa40db4a2787cb01411994ea4f"
  integrity sha512-OO0pH2lK6a0hZnAdau5ItzHPI6pUlvI7jMVnxUQRtw4owF2wk8lOSabtGDCTP4Ggrg2MbGnWO9X8K1t4+fGMDw==

fsevents@~2.3.2:
  version "2.3.2"
  resolved "https://registry.yarnpkg.com/fsevents/-/fsevents-2.3.2.tgz#8a526f78b8fdf4623b709e0b975c52c24c02fd1a"
  integrity sha512-xiqMQR4xAeHTuB9uWm+fFRcIOgKBMiOBP+eXiyT7jsgVCq1bkVygt00oASowB7EdtpOHaaPgKt812P9ab+DDKA==

glob@^8.0.3:
  version "8.1.0"
  resolved "https://registry.yarnpkg.com/glob/-/glob-8.1.0.tgz#d388f656593ef708ee3e34640fdfb99a9fd1c33e"
  integrity sha512-r8hpEjiQEYlF2QU0df3dS+nxxSIreXQS1qRhMJM0Q5NDdR386C7jb7Hwwod8Fgiuex+k0GFjgft18yvxm5XoCQ==
  dependencies:
    fs.realpath "^1.0.0"
    inflight "^1.0.4"
    inherits "2"
    minimatch "^5.0.1"
    once "^1.3.0"

has-flag@^4.0.0:
  version "4.0.0"
  resolved "https://registry.yarnpkg.com/has-flag/-/has-flag-4.0.0.tgz#944771fd9c81c81265c4d6941860da06bb59479b"
  integrity sha512-EykJT/Q1KjTWctppgIAgfSO0tKVuZUjhgMr17kqTumMl6Afv3EISleU7qZUzoXDFTAHTDC4NOoG/ZxU3EvlMPQ==

hoist-non-react-statics@^3.3.2:
  version "3.3.2"
  resolved "https://registry.yarnpkg.com/hoist-non-react-statics/-/hoist-non-react-statics-3.3.2.tgz#ece0acaf71d62c2969c2ec59feff42a4b1a85b45"
  integrity sha512-/gGivxi8JPKWNm/W0jSmzcMPpfpPLc3dY/6GxhX2hQ9iGj3aDfklV4ET7NjKpSinLpJ5vafa9iiGIEZg10SfBw==
  dependencies:
    react-is "^16.7.0"

https-proxy-agent@^5.0.0:
  version "5.0.1"
  resolved "https://registry.yarnpkg.com/https-proxy-agent/-/https-proxy-agent-5.0.1.tgz#c59ef224a04fe8b754f3db0063a25ea30d0005d6"
  integrity sha512-dFcAjpTQFgoLMzC2VwU+C/CbS7uRL0lWmxDITmqm7C+7F0Odmj6s9l6alZc6AELXhrnggM2CeWSXHGOdX2YtwA==
  dependencies:
    agent-base "6"
    debug "4"

immediate@~3.0.5:
  version "3.0.6"
  resolved "https://registry.yarnpkg.com/immediate/-/immediate-3.0.6.tgz#9db1dbd0faf8de6fbe0f5dd5e56bb606280de69b"
  integrity sha512-XXOFtyqDjNDAQxVfYxuF7g9Il/IbWmmlQg2MYKOH8ExIT1qg6xc4zyS3HaEEATgs1btfzxq15ciUiY7gjSXRGQ==

inflight@^1.0.4:
  version "1.0.6"
  resolved "https://registry.yarnpkg.com/inflight/-/inflight-1.0.6.tgz#49bd6331d7d02d0c09bc910a1075ba8165b56df9"
  integrity sha512-k92I/b08q4wvFscXCLvqfsHCrjrF7yiXsQuIVvVE7N82W3+aqpzuUdBbfhWcy/FZR3/4IgflMgKLOsvPDrGCJA==
  dependencies:
    once "^1.3.0"
    wrappy "1"

inherits@2:
  version "2.0.4"
  resolved "https://registry.yarnpkg.com/inherits/-/inherits-2.0.4.tgz#0fa2c64f932917c3433a0ded55363aae37416b7c"
  integrity sha512-k/vGaX4/Yla3WzyMCvTQOXYeIHvqOKtnqBduzTHpzpQZzAskKMhZ2K+EnBiSM9zGSoIFeMpXKxa4dYeZIQqewQ==

is-reference@1.2.1:
  version "1.2.1"
  resolved "https://registry.yarnpkg.com/is-reference/-/is-reference-1.2.1.tgz#8b2dac0b371f4bc994fdeaba9eb542d03002d0b7"
  integrity sha512-U82MsXXiFIrjCK4otLT+o2NA2Cd2g5MLoOVXUZjIOhLurrRxpEXzI8O0KZHr3IjLvlAH1kTPYSuqer5T9ZVBKQ==
  dependencies:
    "@types/estree" "*"

isexe@^2.0.0:
  version "2.0.0"
  resolved "https://registry.yarnpkg.com/isexe/-/isexe-2.0.0.tgz#e8fbf374dc556ff8947a10dcb0572d633f2cfa10"
  integrity sha512-RHxMLp9lnKHGHRng9QFhRCMbYAcVpn69smSGcq3f36xjgVVWThj4qqLbTLlq7Ssj8B+fIQ1EuCEGI2lKsyQeIw==

"js-tokens@^3.0.0 || ^4.0.0":
  version "4.0.0"
  resolved "https://registry.yarnpkg.com/js-tokens/-/js-tokens-4.0.0.tgz#19203fb59991df98e3a287050d4647cdeaf32499"
  integrity sha512-RdJUflcE3cUzKiMqQgsCu06FPu9UdIJO0beYbPhHN4k6apgJtifcoCtT9bcxOpYBtpD2kCM6Sbzg4CausW/PKQ==

lie@3.1.1:
  version "3.1.1"
  resolved "https://registry.yarnpkg.com/lie/-/lie-3.1.1.tgz#9a436b2cc7746ca59de7a41fa469b3efb76bd87e"
  integrity sha512-RiNhHysUjhrDQntfYSfY4MU24coXXdEOgw9WGcKHNeEwffDYbF//u87M1EWaMGzuFoSbqW0C9C6lEEhDOAswfw==
  dependencies:
    immediate "~3.0.5"

localforage@^1.8.1:
  version "1.10.0"
  resolved "https://registry.yarnpkg.com/localforage/-/localforage-1.10.0.tgz#5c465dc5f62b2807c3a84c0c6a1b1b3212781dd4"
  integrity sha512-14/H1aX7hzBBmmh7sGPd+AOMkkIrHM3Z1PAyGgZigA1H1p5O5ANnMyWzvpAETtG68/dC4pC0ncy3+PPGzXZHPg==
  dependencies:
    lie "3.1.1"

loose-envify@^1.1.0:
  version "1.4.0"
  resolved "https://registry.yarnpkg.com/loose-envify/-/loose-envify-1.4.0.tgz#71ee51fa7be4caec1a63839f7e682d8132d30caf"
  integrity sha512-lyuxPGr/Wfhrlem2CL/UcnUc1zcqKAImBDzukY7Y5F/yQiNdko6+fRLevlw1HgMySw7f611UIY408EtxRSoK3Q==
  dependencies:
    js-tokens "^3.0.0 || ^4.0.0"

lru_map@^0.3.3:
  version "0.3.3"
  resolved "https://registry.yarnpkg.com/lru_map/-/lru_map-0.3.3.tgz#b5c8351b9464cbd750335a79650a0ec0e56118dd"
  integrity sha512-Pn9cox5CsMYngeDbmChANltQl+5pi6XmTrraMSzhPmMBbmgcxmqWry0U3PGapCU1yB4/LqCcom7qhHZiF/jGfQ==

magic-string@^0.27.0:
  version "0.27.0"
  resolved "https://registry.yarnpkg.com/magic-string/-/magic-string-0.27.0.tgz#e4a3413b4bab6d98d2becffd48b4a257effdbbf3"
  integrity sha512-8UnnX2PeRAPZuN12svgR9j7M1uWMovg/CEnIwIG0LFkXSJJe4PdfUGiTGl8V9bsBHFUtfVINcSyYxd7q+kx9fA==
  dependencies:
    "@jridgewell/sourcemap-codec" "^1.4.13"

minimatch@^5.0.1:
  version "5.1.6"
  resolved "https://registry.yarnpkg.com/minimatch/-/minimatch-5.1.6.tgz#1cfcb8cf5522ea69952cd2af95ae09477f122a96"
  integrity sha512-lKwV/1brpG6mBUFHtb7NUmtABCb2WZZmm2wNiOA5hAb8VdCS4B3dtMWyvcoViccwAW/COERjXLt0zP1zXUN26g==
  dependencies:
    brace-expansion "^2.0.1"

minimist@^1.2.6:
  version "1.2.8"
  resolved "https://registry.yarnpkg.com/minimist/-/minimist-1.2.8.tgz#c1a464e7693302e082a075cee0c057741ac4772c"
  integrity sha512-2yyAR8qBkN3YuheJanUpWC5U3bb5osDywNB8RzDVlDwDHbocAJveqqj1u8+SVD7jkWT4yvsHCpWqqWqAxb0zCA==

mkdirp@^0.5.5:
  version "0.5.6"
  resolved "https://registry.yarnpkg.com/mkdirp/-/mkdirp-0.5.6.tgz#7def03d2432dcae4ba1d611445c48396062255f6"
  integrity sha512-FP+p8RB8OWpF3YZBCrP5gtADmtXApB5AMLn+vdyA+PyxCjrCs00mjyUozssO33cwDeT3wNGdLxJ5M//YqtHAJw==
  dependencies:
    minimist "^1.2.6"

ms@2.1.2:
  version "2.1.2"
  resolved "https://registry.yarnpkg.com/ms/-/ms-2.1.2.tgz#d09d1f357b443f493382a8eb3ccd183872ae6009"
  integrity sha512-sGkPx+VjMtmA6MX27oA4FBFELFCZZ4S4XqeGOXCv68tT+jb3vk/RyaKWP0PTKyWtmLSM0b+adUTEvbs1PEaH2w==

nanoid@^3.3.4:
  version "3.3.4"
  resolved "https://registry.yarnpkg.com/nanoid/-/nanoid-3.3.4.tgz#730b67e3cd09e2deacf03c027c81c9d9dbc5e8ab"
  integrity sha512-MqBkQh/OHTS2egovRtLk45wEyNXwF+cokD+1YPf9u5VfJiRdAiRwB2froX5Co9Rh20xs4siNPm8naNotSD6RBw==

next@canary:
  version "13.2.5-canary.10"
  resolved "https://registry.yarnpkg.com/next/-/next-13.2.5-canary.10.tgz#9078bf345c57b6339ffbf5226bb90cab75d1289c"
  integrity sha512-ysngqoYzGrAGDlfczfZ03FOfZZA8uu6TakLKB6LR5LF+28CCwjbGOou0smi54RQtCqXDFU3+mnZxGGJG93bHLQ==
  dependencies:
    "@next/env" "13.2.5-canary.10"
    "@swc/helpers" "0.4.14"
    caniuse-lite "^1.0.30001406"
    postcss "8.4.14"
    styled-jsx "5.1.1"
  optionalDependencies:
    "@next/swc-android-arm-eabi" "13.2.5-canary.10"
    "@next/swc-android-arm64" "13.2.5-canary.10"
    "@next/swc-darwin-arm64" "13.2.5-canary.10"
    "@next/swc-darwin-x64" "13.2.5-canary.10"
    "@next/swc-freebsd-x64" "13.2.5-canary.10"
    "@next/swc-linux-arm-gnueabihf" "13.2.5-canary.10"
    "@next/swc-linux-arm64-gnu" "13.2.5-canary.10"
    "@next/swc-linux-arm64-musl" "13.2.5-canary.10"
    "@next/swc-linux-x64-gnu" "13.2.5-canary.10"
    "@next/swc-linux-x64-musl" "13.2.5-canary.10"
    "@next/swc-win32-arm64-msvc" "13.2.5-canary.10"
    "@next/swc-win32-ia32-msvc" "13.2.5-canary.10"
    "@next/swc-win32-x64-msvc" "13.2.5-canary.10"

node-fetch@^2.6.7:
  version "2.6.9"
  resolved "https://registry.yarnpkg.com/node-fetch/-/node-fetch-2.6.9.tgz#7c7f744b5cc6eb5fd404e0c7a9fec630a55657e6"
  integrity sha512-DJm/CJkZkRjKKj4Zi4BsKVZh3ValV5IR5s7LVZnW+6YMh0W1BfNA8XSs6DLMGYlId5F3KnA70uu2qepcR08Qqg==
  dependencies:
    whatwg-url "^5.0.0"

once@^1.3.0:
  version "1.4.0"
  resolved "https://registry.yarnpkg.com/once/-/once-1.4.0.tgz#583b1aa775961d4b113ac17d9c50baef9dd76bd1"
  integrity sha512-lNaJgI+2Q5URQBkccEKHTQOPaXdUxnZZElQTZY0MFUAuaEqe1E+Nyvgdz/aIyNi6Z9MzO5dv1H8n58/GELp3+w==
  dependencies:
    wrappy "1"

picocolors@^1.0.0:
  version "1.0.0"
  resolved "https://registry.yarnpkg.com/picocolors/-/picocolors-1.0.0.tgz#cb5bdc74ff3f51892236eaf79d68bc44564ab81c"
  integrity sha512-1fygroTLlHu66zi26VoTDv8yRgm0Fccecssto+MhsZ0D/DGW2sm8E8AjW7NU5VVTRt5GxbeZ5qBuJr+HyLYkjQ==

picomatch@^2.3.1:
  version "2.3.1"
  resolved "https://registry.yarnpkg.com/picomatch/-/picomatch-2.3.1.tgz#3ba3833733646d9d3e4995946c1365a67fb07a42"
  integrity sha512-JU3teHTNjmE2VCGFzuY8EXzCDVwEqB2a8fsIvwaStHhAWJEeVd1o1QD80CU6+ZdEXXSLbSsuLwJjkCBWqRQUVA==

postcss@8.4.14:
  version "8.4.14"
  resolved "https://registry.yarnpkg.com/postcss/-/postcss-8.4.14.tgz#ee9274d5622b4858c1007a74d76e42e56fd21caf"
  integrity sha512-E398TUmfAYFPBSdzgeieK2Y1+1cpdxJx8yXbK/m57nRhKSmk1GB2tO4lbLBtlkfPQTDKfe4Xqv1ASWPpayPEig==
  dependencies:
    nanoid "^3.3.4"
    picocolors "^1.0.0"
    source-map-js "^1.0.2"

progress@^2.0.3:
  version "2.0.3"
  resolved "https://registry.yarnpkg.com/progress/-/progress-2.0.3.tgz#7e8cf8d8f5b8f239c1bc68beb4eb78567d572ef8"
  integrity sha512-7PiHtLll5LdnKIMw100I+8xJXR5gW2QwWYkT6iJva0bXitZKa/XMrSbdmg3r2Xnaidz9Qumd0VPaMrZlF9V9sA==

proxy-from-env@^1.1.0:
  version "1.1.0"
  resolved "https://registry.yarnpkg.com/proxy-from-env/-/proxy-from-env-1.1.0.tgz#e102f16ca355424865755d2c9e8ea4f24d58c3e2"
  integrity sha512-D+zkORCbA9f1tdWRK0RaCR3GPv50cMxcrz4X8k5LTSUD1Dkw47mKJEZQNunItRTkWwgtaUSo1RVFRIG9ZXiFYg==

react-dom@^18.2.0:
  version "18.2.0"
  resolved "https://registry.yarnpkg.com/react-dom/-/react-dom-18.2.0.tgz#22aaf38708db2674ed9ada224ca4aa708d821e3d"
  integrity sha512-6IMTriUmvsjHUjNtEDudZfuDQUoWXVxKHhlEGSk81n4YFS+r/Kl99wXiwlVXtPBtJenozv2P+hxDsw9eA7Xo6g==
  dependencies:
    loose-envify "^1.1.0"
    scheduler "^0.23.0"

react-is@^16.7.0:
  version "16.13.1"
  resolved "https://registry.yarnpkg.com/react-is/-/react-is-16.13.1.tgz#789729a4dc36de2999dc156dd6c1d9c18cea56a4"
  integrity sha512-24e6ynE2H+OKt4kqsOvNd8kBpV65zoxbA4BVsEOB3ARVWQki/DHzaUoC5KuON/BiccDaCCTZBuOcfZs70kR8bQ==

react@^18.2.0:
  version "18.2.0"
  resolved "https://registry.yarnpkg.com/react/-/react-18.2.0.tgz#555bd98592883255fa00de14f1151a917b5d77d5"
  integrity sha512-/3IjMdb2L9QbBdWiW5e3P2/npwMBaU9mHCSCUzNln0ZCYbcfTsGbTJrU/kGemdH2IWmB2ioZ+zkxtmq6g09fGQ==
  dependencies:
    loose-envify "^1.1.0"

rollup@2.78.0:
  version "2.78.0"
  resolved "https://registry.yarnpkg.com/rollup/-/rollup-2.78.0.tgz#00995deae70c0f712ea79ad904d5f6b033209d9e"
  integrity sha512-4+YfbQC9QEVvKTanHhIAFVUFSRsezvQF8vFOJwtGfb9Bb+r014S+qryr9PSmw8x6sMnPkmFBGAvIFVQxvJxjtg==
  optionalDependencies:
    fsevents "~2.3.2"

scheduler@^0.23.0:
  version "0.23.0"
  resolved "https://registry.yarnpkg.com/scheduler/-/scheduler-0.23.0.tgz#ba8041afc3d30eb206a487b6b384002e4e61fdfe"
  integrity sha512-CtuThmgHNg7zIZWAXi3AsyIzA3n4xx7aNyjwC2VJldO2LMVDhFK+63xGqq6CsJH4rTAt6/M+N4GhZiDYPx9eUw==
  dependencies:
    loose-envify "^1.1.0"

source-map-js@^1.0.2:
  version "1.0.2"
  resolved "https://registry.yarnpkg.com/source-map-js/-/source-map-js-1.0.2.tgz#adbc361d9c62df380125e7f161f71c826f1e490c"
  integrity sha512-R0XvVJ9WusLiqTCEiGCmICCMplcCkIwwR11mOSD9CR5u+IXYdiseeEuXCVAjS54zqwkLcPNnmU4OeJ6tUrWhDw==

stacktrace-parser@^0.1.10:
  version "0.1.10"
  resolved "https://registry.yarnpkg.com/stacktrace-parser/-/stacktrace-parser-0.1.10.tgz#29fb0cae4e0d0b85155879402857a1639eb6051a"
  integrity sha512-KJP1OCML99+8fhOHxwwzyWrlUuVX5GQ0ZpJTd1DFXhdkrvg1szxfHhawXUZ3g9TkXORQd4/WG68jMlQZ2p8wlg==
  dependencies:
    type-fest "^0.7.1"

styled-jsx@5.1.1:
  version "5.1.1"
  resolved "https://registry.yarnpkg.com/styled-jsx/-/styled-jsx-5.1.1.tgz#839a1c3aaacc4e735fed0781b8619ea5d0009d1f"
  integrity sha512-pW7uC1l4mBZ8ugbiZrcIsiIvVx1UmTfw7UkC3Um2tmfUq9Bhk8IiyEIPl6F8agHgjzku6j0xQEZbfA5uSgSaCw==
  dependencies:
    client-only "0.0.1"

supports-color@^7.1.0:
  version "7.2.0"
  resolved "https://registry.yarnpkg.com/supports-color/-/supports-color-7.2.0.tgz#1b7dcdcb32b8138801b3e478ba6a51caa89648da"
  integrity sha512-qpCAvRl9stuOHveKsn7HncJRvv501qIacKzQlO/+Lwxc9+0q2wLyv4Dfvt80/DPn2pqOBsJdDiogXGR9+OvwRw==
  dependencies:
    has-flag "^4.0.0"

tr46@~0.0.3:
  version "0.0.3"
  resolved "https://registry.yarnpkg.com/tr46/-/tr46-0.0.3.tgz#8184fd347dac9cdc185992f3a6622e14b9d9ab6a"
  integrity sha512-N3WMsuqV66lT30CrXNbEjx4GEwlow3v6rr4mCcv6prnfwhS01rkgyFdjPNBYd9br7LpXV1+Emh01fHnq2Gdgrw==

tslib@^1.9.3:
  version "1.14.1"
  resolved "https://registry.yarnpkg.com/tslib/-/tslib-1.14.1.tgz#cf2d38bdc34a134bcaf1091c41f6619e2f672d00"
  integrity sha512-Xni35NKzjgMrwevysHTCArtLDpPvye8zV/0E4EyYn43P7/7qvQwPh9BGkHewbMulVntbigmcT7rdX3BNo9wRJg==

tslib@^2.4.0:
  version "2.5.0"
  resolved "https://registry.yarnpkg.com/tslib/-/tslib-2.5.0.tgz#42bfed86f5787aeb41d031866c8f402429e0fddf"
  integrity sha512-336iVw3rtn2BUK7ORdIAHTyxHGRIHVReokCR3XjbckJMK7ms8FysBfhLR8IXnAgy7T0PTPNBWKiH514FOW/WSg==

type-fest@^0.7.1:
  version "0.7.1"
  resolved "https://registry.yarnpkg.com/type-fest/-/type-fest-0.7.1.tgz#8dda65feaf03ed78f0a3f9678f1869147f7c5c48"
  integrity sha512-Ne2YiiGN8bmrmJJEuTWTLJR32nh/JdL1+PSicowtNb0WFpn59GK8/lfD61bVtzguz7b3PBt74nxpv/Pw5po5Rg==

typescript@^4.9.4:
  version "4.9.5"
  resolved "https://registry.yarnpkg.com/typescript/-/typescript-4.9.5.tgz#095979f9bcc0d09da324d58d03ce8f8374cbe65a"
  integrity sha512-1FXk9E2Hm+QzZQ7z+McJiHL4NW1F2EzMu9Nq9i3zAaGqibafqYwCVU6WyWAuyQRRzOlxou8xZSyXLEN8oKj24g==

webidl-conversions@^3.0.0:
  version "3.0.1"
  resolved "https://registry.yarnpkg.com/webidl-conversions/-/webidl-conversions-3.0.1.tgz#24534275e2a7bc6be7bc86611cc16ae0a5654871"
  integrity sha512-2JAn3z8AR6rjK8Sm8orRC0h/bcl/DqL7tRPdGZ4I1CjdF+EaMLmYxBHyXuKL849eucPFhvBoxMsflfOb8kxaeQ==

"webpack-sources@^2.0.0 || ^3.0.0":
  version "3.2.3"
  resolved "https://registry.yarnpkg.com/webpack-sources/-/webpack-sources-3.2.3.tgz#2d4daab8451fd4b240cc27055ff6a0c2ccea0cde"
  integrity sha512-/DyMEOrDgLKKIG0fmvtz+4dUX/3Ghozwgm6iPp8KRhvn+eQf9+Q7GWxVNMk3+uCPWfdXYC4ExGBckIXdFEfH1w==

whatwg-url@^5.0.0:
  version "5.0.0"
  resolved "https://registry.yarnpkg.com/whatwg-url/-/whatwg-url-5.0.0.tgz#966454e8765462e37644d3626f6742ce8b70965d"
  integrity sha512-saE57nupxk6v3HY35+jzBwYa0rKSy0XR8JSxZPwgLr7ys0IBzhGviA1/TUGJLmSVqs8pb9AnvICXEuOHLprYTw==
  dependencies:
    tr46 "~0.0.3"
    webidl-conversions "^3.0.0"

which@^2.0.2:
  version "2.0.2"
  resolved "https://registry.yarnpkg.com/which/-/which-2.0.2.tgz#7c6a8dd0a636a0327e10b59c9286eee93f3f51b1"
  integrity sha512-BLI3Tl1TW3Pvl70l3yq3Y64i+awpwXqsGBYWkkqMtnbXgrMD+yj7rhW0kuEDxzJaYXGjEW5ogapKNMEKNMjibA==
  dependencies:
    isexe "^2.0.0"

wrappy@1:
  version "1.0.2"
  resolved "https://registry.yarnpkg.com/wrappy/-/wrappy-1.0.2.tgz#b5243d8f3ec1aa35f1364605bc0d1036e30ab69f"
  integrity sha512-l4Sp/DRseor9wL6EvV2+TuQn63dMkPjZ/sp9XkghTEbV9KlPS1xUsZ3u7/IQO4wxtcFB4bgpQPRcR3QCvezPcQ==
